
Microsoft Visual Studio Solution File, Format Version 12.00
# Visual Studio Version 17
VisualStudioVersion = 17.11.35219.272
MinimumVisualStudioVersion = 10.0.40219.1
Project("{FAE04EC0-301F-11D3-BF4B-00C04F79EFBC}") = "Ejercicio2GIT", "Ejercicio2GIT\Ejercicio2GIT.csproj", "{2FC8FE8E-61C8-4AAC-AE30-78356332942A}"
EndProject
Global
	GlobalSection(SolutionConfigurationPlatforms) = preSolution
		Debug|Any CPU = Debug|Any CPU
		Release|Any CPU = Release|Any CPU
	EndGlobalSection
	GlobalSection(ProjectConfigurationPlatforms) = postSolution
		{2FC8FE8E-61C8-4AAC-AE30-78356332942A}.Debug|Any CPU.ActiveCfg = Debug|Any CPU
		{2FC8FE8E-61C8-4AAC-AE30-78356332942A}.Debug|Any CPU.Build.0 = Debug|Any CPU
		{2FC8FE8E-61C8-4AAC-AE30-78356332942A}.Release|Any CPU.ActiveCfg = Release|Any CPU
		{2FC8FE8E-61C8-4AAC-AE30-78356332942A}.Release|Any CPU.Build.0 = Release|Any CPU
	EndGlobalSection
	GlobalSection(SolutionProperties) = preSolution
		HideSolutionNode = FALSE
	EndGlobalSection
	GlobalSection(ExtensibilityGlobals) = postSolution
		SolutionGuid = {1CBF9D8C-3F9D-4D57-A6DB-67FC07545DB1}
	EndGlobalSection
EndGlobal
